
Microsoft Visual Studio Solution File, Format Version 12.00
# Visual Studio 15
Project("{FAE04EC0-301F-11D3-BF4B-00C04F79EFBC}") = "Assembly-CSharp", "Assembly-CSharp.csproj", "{EDDEA276-0F6C-B84E-B510-DA2340A77516}"
EndProject
Global
	GlobalSection(SolutionConfigurationPlatforms) = preSolution
		Debug|Any CPU = Debug|Any CPU
		Release|Any CPU = Release|Any CPU
	EndGlobalSection
	GlobalSection(ProjectConfigurationPlatforms) = postSolution
		{EDDEA276-0F6C-B84E-B510-DA2340A77516}.Debug|Any CPU.ActiveCfg = Debug|Any CPU
		{EDDEA276-0F6C-B84E-B510-DA2340A77516}.Debug|Any CPU.Build.0 = Debug|Any CPU
		{EDDEA276-0F6C-B84E-B510-DA2340A77516}.Release|Any CPU.ActiveCfg = Release|Any CPU
		{EDDEA276-0F6C-B84E-B510-DA2340A77516}.Release|Any CPU.Build.0 = Release|Any CPU
	EndGlobalSection
	GlobalSection(SolutionProperties) = preSolution
		HideSolutionNode = FALSE
	EndGlobalSection
EndGlobal
